
Microsoft Visual Studio Solution File, Format Version 12.00
# Visual Studio Version 17
VisualStudioVersion = 17.5.33103.201
MinimumVisualStudioVersion = 10.0.40219.1
Project("{FAE04EC0-301F-11D3-BF4B-00C04F79EFBC}") = "Turn", "Turn.csproj", "{4DE97FB9-B27F-4735-B0D8-DD0F4920ADE0}"
EndProject
Global
	GlobalSection(SolutionConfigurationPlatforms) = preSolution
		Debug|Any CPU = Debug|Any CPU
		Release|Any CPU = Release|Any CPU
	EndGlobalSection
	GlobalSection(ProjectConfigurationPlatforms) = postSolution
		{4DE97FB9-B27F-4735-B0D8-DD0F4920ADE0}.Debug|Any CPU.ActiveCfg = Debug|Any CPU
		{4DE97FB9-B27F-4735-B0D8-DD0F4920ADE0}.Debug|Any CPU.Build.0 = Debug|Any CPU
		{4DE97FB9-B27F-4735-B0D8-DD0F4920ADE0}.Release|Any CPU.ActiveCfg = Release|Any CPU
		{4DE97FB9-B27F-4735-B0D8-DD0F4920ADE0}.Release|Any CPU.Build.0 = Release|Any CPU
	EndGlobalSection
	GlobalSection(SolutionProperties) = preSolution
		HideSolutionNode = FALSE
	EndGlobalSection
	GlobalSection(ExtensibilityGlobals) = postSolution
		SolutionGuid = {15D2768F-EE3B-4381-BBE9-C5C9D16F91A1}
	EndGlobalSection
EndGlobal
